
Microsoft Visual Studio Solution File, Format Version 12.00
# Visual Studio Version 16
VisualStudioVersion = 16.0.29521.150
MinimumVisualStudioVersion = 10.0.40219.1
Project("{9A19103F-16F7-4668-BE54-9A1E7A4F7556}") = "Nvisibl.Cloud", "Nvisibl.Cloud\Nvisibl.Cloud.csproj", "{4CE15EE9-5FFD-430F-AE50-BA711E95ED73}"
EndProject
Project("{9A19103F-16F7-4668-BE54-9A1E7A4F7556}") = "Nvisibl.DataLibrary", "Nvisibl.DataLibrary\Nvisibl.DataLibrary.csproj", "{2087DBD3-56A2-4794-A037-C7CC0F4C2004}"
EndProject
Global
	GlobalSection(SolutionConfigurationPlatforms) = preSolution
		Debug|Any CPU = Debug|Any CPU
		Release|Any CPU = Release|Any CPU
	EndGlobalSection
	GlobalSection(ProjectConfigurationPlatforms) = postSolution
		{4CE15EE9-5FFD-430F-AE50-BA711E95ED73}.Debug|Any CPU.ActiveCfg = Debug|Any CPU
		{4CE15EE9-5FFD-430F-AE50-BA711E95ED73}.Debug|Any CPU.Build.0 = Debug|Any CPU
		{4CE15EE9-5FFD-430F-AE50-BA711E95ED73}.Release|Any CPU.ActiveCfg = Release|Any CPU
		{4CE15EE9-5FFD-430F-AE50-BA711E95ED73}.Release|Any CPU.Build.0 = Release|Any CPU
		{2087DBD3-56A2-4794-A037-C7CC0F4C2004}.Debug|Any CPU.ActiveCfg = Debug|Any CPU
		{2087DBD3-56A2-4794-A037-C7CC0F4C2004}.Debug|Any CPU.Build.0 = Debug|Any CPU
		{2087DBD3-56A2-4794-A037-C7CC0F4C2004}.Release|Any CPU.ActiveCfg = Release|Any CPU
		{2087DBD3-56A2-4794-A037-C7CC0F4C2004}.Release|Any CPU.Build.0 = Release|Any CPU
	EndGlobalSection
	GlobalSection(SolutionProperties) = preSolution
		HideSolutionNode = FALSE
	EndGlobalSection
	GlobalSection(ExtensibilityGlobals) = postSolution
		SolutionGuid = {D99F96B1-ADDB-41CA-8601-624AE3BAD93B}
	EndGlobalSection
EndGlobal
